
Microsoft Visual Studio Solution File, Format Version 12.00
# Visual Studio Version 16
VisualStudioVersion = 25.0.1700.4
MinimumVisualStudioVersion = 10.0.40219.1
Project("{FAE04EC0-301F-11D3-BF4B-00C04F79EFBC}") = "DemoAngular", "DemoAngular\DemoAngular.csproj", "{180F98B7-A4BE-4C9A-A5DB-F83B82550D62}"
EndProject
Global
	GlobalSection(SolutionConfigurationPlatforms) = preSolution
		Debug|Any CPU = Debug|Any CPU
		Release|Any CPU = Release|Any CPU
	EndGlobalSection
	GlobalSection(ProjectConfigurationPlatforms) = postSolution
		{180F98B7-A4BE-4C9A-A5DB-F83B82550D62}.Debug|Any CPU.ActiveCfg = Debug|Any CPU
		{180F98B7-A4BE-4C9A-A5DB-F83B82550D62}.Debug|Any CPU.Build.0 = Debug|Any CPU
		{180F98B7-A4BE-4C9A-A5DB-F83B82550D62}.Release|Any CPU.ActiveCfg = Release|Any CPU
		{180F98B7-A4BE-4C9A-A5DB-F83B82550D62}.Release|Any CPU.Build.0 = Release|Any CPU
	EndGlobalSection
	GlobalSection(SolutionProperties) = preSolution
		HideSolutionNode = FALSE
	EndGlobalSection
	GlobalSection(ExtensibilityGlobals) = postSolution
		SolutionGuid = {7CB758C0-2F59-459F-B2D9-7C285CF08758}
	EndGlobalSection
EndGlobal
